
Microsoft Visual Studio Solution File, Format Version 9.00
# Visual C++ Express 2005
Project("{8BC9CEB8-8B4A-11D0-8D11-00A0C91BC942}") = "TPD_DB", "..\tpd_DB\TPD_DB.vcproj", "{7CC90726-FAE0-415A-B2E4-552D1070B4F0}"
	ProjectSection(ProjectDependencies) = postProject
		{1F34EAB3-4E2E-4043-B43D-8C3FDAB14ADB} = {1F34EAB3-4E2E-4043-B43D-8C3FDAB14ADB}
		{1A934334-9615-4C20-871C-660795FCF7C0} = {1A934334-9615-4C20-871C-660795FCF7C0}
	EndProjectSection
EndProject
Project("{8BC9CEB8-8B4A-11D0-8D11-00A0C91BC942}") = "toped", "toped.vcproj", "{07EF8990-20F5-4E03-803A-7BC622A4B5E1}"
	ProjectSection(ProjectDependencies) = postProject
		{1A934334-9615-4C20-871C-660795FCF7C0} = {1A934334-9615-4C20-871C-660795FCF7C0}
		{1F34EAB3-4E2E-4043-B43D-8C3FDAB14ADB} = {1F34EAB3-4E2E-4043-B43D-8C3FDAB14ADB}
		{7B327037-492B-48F9-B3D7-127E213900AE} = {7B327037-492B-48F9-B3D7-127E213900AE}
		{7CC90726-FAE0-415A-B2E4-552D1070B4F0} = {7CC90726-FAE0-415A-B2E4-552D1070B4F0}
	EndProjectSection
EndProject
Project("{8BC9CEB8-8B4A-11D0-8D11-00A0C91BC942}") = "tpd_common", "..\tpd_common\tpd_common.vcproj", "{1F34EAB3-4E2E-4043-B43D-8C3FDAB14ADB}"
EndProject
Project("{8BC9CEB8-8B4A-11D0-8D11-00A0C91BC942}") = "tpd_parser", "..\tpd_parser\tpd_parser.vcproj", "{1A934334-9615-4C20-871C-660795FCF7C0}"
	ProjectSection(ProjectDependencies) = postProject
		{1F34EAB3-4E2E-4043-B43D-8C3FDAB14ADB} = {1F34EAB3-4E2E-4043-B43D-8C3FDAB14ADB}
	EndProjectSection
EndProject
Project("{8BC9CEB8-8B4A-11D0-8D11-00A0C91BC942}") = "tpd_bidfunc", "..\tpd_bidfunc\tpd_bidfunc.vcproj", "{7B327037-492B-48F9-B3D7-127E213900AE}"
	ProjectSection(ProjectDependencies) = postProject
		{7CC90726-FAE0-415A-B2E4-552D1070B4F0} = {7CC90726-FAE0-415A-B2E4-552D1070B4F0}
		{1A934334-9615-4C20-871C-660795FCF7C0} = {1A934334-9615-4C20-871C-660795FCF7C0}
		{1F34EAB3-4E2E-4043-B43D-8C3FDAB14ADB} = {1F34EAB3-4E2E-4043-B43D-8C3FDAB14ADB}
	EndProjectSection
EndProject
Global
	GlobalSection(SolutionConfigurationPlatforms) = preSolution
		Debug|Win32 = Debug|Win32
		Release|Win32 = Release|Win32
	EndGlobalSection
	GlobalSection(ProjectConfigurationPlatforms) = postSolution
		{7CC90726-FAE0-415A-B2E4-552D1070B4F0}.Debug|Win32.ActiveCfg = Debug|Win32
		{7CC90726-FAE0-415A-B2E4-552D1070B4F0}.Debug|Win32.Build.0 = Debug|Win32
		{7CC90726-FAE0-415A-B2E4-552D1070B4F0}.Release|Win32.ActiveCfg = Release|Win32
		{7CC90726-FAE0-415A-B2E4-552D1070B4F0}.Release|Win32.Build.0 = Release|Win32
		{07EF8990-20F5-4E03-803A-7BC622A4B5E1}.Debug|Win32.ActiveCfg = Debug|Win32
		{07EF8990-20F5-4E03-803A-7BC622A4B5E1}.Debug|Win32.Build.0 = Debug|Win32
		{07EF8990-20F5-4E03-803A-7BC622A4B5E1}.Release|Win32.ActiveCfg = Release|Win32
		{07EF8990-20F5-4E03-803A-7BC622A4B5E1}.Release|Win32.Build.0 = Release|Win32
		{1F34EAB3-4E2E-4043-B43D-8C3FDAB14ADB}.Debug|Win32.ActiveCfg = Debug|Win32
		{1F34EAB3-4E2E-4043-B43D-8C3FDAB14ADB}.Debug|Win32.Build.0 = Debug|Win32
		{1F34EAB3-4E2E-4043-B43D-8C3FDAB14ADB}.Release|Win32.ActiveCfg = Release|Win32
		{1F34EAB3-4E2E-4043-B43D-8C3FDAB14ADB}.Release|Win32.Build.0 = Release|Win32
		{1A934334-9615-4C20-871C-660795FCF7C0}.Debug|Win32.ActiveCfg = Debug|Win32
		{1A934334-9615-4C20-871C-660795FCF7C0}.Debug|Win32.Build.0 = Debug|Win32
		{1A934334-9615-4C20-871C-660795FCF7C0}.Release|Win32.ActiveCfg = Release|Win32
		{1A934334-9615-4C20-871C-660795FCF7C0}.Release|Win32.Build.0 = Release|Win32
		{7B327037-492B-48F9-B3D7-127E213900AE}.Debug|Win32.ActiveCfg = Debug|Win32
		{7B327037-492B-48F9-B3D7-127E213900AE}.Debug|Win32.Build.0 = Debug|Win32
		{7B327037-492B-48F9-B3D7-127E213900AE}.Release|Win32.ActiveCfg = Release|Win32
		{7B327037-492B-48F9-B3D7-127E213900AE}.Release|Win32.Build.0 = Release|Win32
	EndGlobalSection
	GlobalSection(SolutionProperties) = preSolution
		HideSolutionNode = FALSE
	EndGlobalSection
EndGlobal
