<?xml version="1.0" encoding="utf-8"?>
<Project ToolsVersion="4.0" xmlns="http://schemas.microsoft.com/developer/msbuild/2003">
  <ItemGroup>
    <Filter Include="Source Files">
      <UniqueIdentifier>{c9443ef9-888b-4ed9-80f3-d583f479b340}</UniqueIdentifier>
      <Extensions>cpp;c;cxx;rc;def;r;odl;idl;hpj;bat</Extensions>
    </Filter>
    <Filter Include="Header Files">
      <UniqueIdentifier>{106db3c6-26eb-4bde-9e5d-010cd1d27eb8}</UniqueIdentifier>
      <Extensions>h;hpp;hxx;hm;inl</Extensions>
    </Filter>
    <Filter Include="FlexBison Files">
      <UniqueIdentifier>{ae4692c0-6673-48fc-a4e9-11606239fbda}</UniqueIdentifier>
    </Filter>
  </ItemGroup>
  <ItemGroup>
    <ClCompile Include="calbr_reader.cpp">
      <Filter>Source Files</Filter>
    </ClCompile>
    <ClCompile Include="cif_io.cpp">
      <Filter>Source Files</Filter>
    </ClCompile>
    <ClCompile Include="cif_lex.cpp">
      <Filter>Source Files</Filter>
    </ClCompile>
    <ClCompile Include="cif_yacc.cpp">
      <Filter>Source Files</Filter>
    </ClCompile>
    <ClCompile Include="gds_io.cpp">
      <Filter>Source Files</Filter>
    </ClCompile>
    <ClCompile Include="oasis_io.cpp">
      <Filter>Source Files</Filter>
    </ClCompile>
    <ClCompile Include="ps_out.cpp">
      <Filter>Source Files</Filter>
    </ClCompile>
    <ClCompile Include="tpdph.cpp">
      <Filter>Source Files</Filter>
    </ClCompile>
  </ItemGroup>
  <ItemGroup>
    <ClInclude Include="calbr_reader.h">
      <Filter>Header Files</Filter>
    </ClInclude>
    <ClInclude Include="cif_io.h">
      <Filter>Header Files</Filter>
    </ClInclude>
    <ClInclude Include="cif_yacc.h">
      <Filter>Header Files</Filter>
    </ClInclude>
    <ClInclude Include="gds_io.h">
      <Filter>Header Files</Filter>
    </ClInclude>
    <ClInclude Include="oasis_io.h">
      <Filter>Header Files</Filter>
    </ClInclude>
    <ClInclude Include="ps_out.h">
      <Filter>Header Files</Filter>
    </ClInclude>
    <ClInclude Include="tpdph.h">
      <Filter>Header Files</Filter>
    </ClInclude>
  </ItemGroup>
  <ItemGroup>
    <CustomBuild Include="cif_lex.ll">
      <Filter>FlexBison Files</Filter>
    </CustomBuild>
    <CustomBuild Include="cif_yacc.yy">
      <Filter>FlexBison Files</Filter>
    </CustomBuild>
  </ItemGroup>
</Project>