<?xml version="1.0" encoding="utf-8"?>
<Project ToolsVersion="4.0" xmlns="http://schemas.microsoft.com/developer/msbuild/2003">
  <ItemGroup>
    <Filter Include="Source Files">
      <UniqueIdentifier>{14daea35-87f1-4a24-9369-1d7c6f9f7cc9}</UniqueIdentifier>
      <Extensions>cpp;c;cxx;rc;def;r;odl;idl;hpj;bat</Extensions>
    </Filter>
    <Filter Include="Header Files">
      <UniqueIdentifier>{36049d59-b160-4797-88d4-c8bdca367868}</UniqueIdentifier>
      <Extensions>h;hpp;hxx;hm;inl</Extensions>
    </Filter>
    <Filter Include="Resource Files">
      <UniqueIdentifier>{37703074-05b0-412e-8a3a-3f7c0fd5b08d}</UniqueIdentifier>
      <Extensions>ico;cur;bmp;dlg;rc2;rct;bin;rgs;gif;jpg;jpeg;jpe</Extensions>
    </Filter>
  </ItemGroup>
  <ItemGroup>
    <ClCompile Include="browsers.cpp">
      <Filter>Source Files</Filter>
    </ClCompile>
    <ClCompile Include="layoutcanvas.cpp">
      <Filter>Source Files</Filter>
    </ClCompile>
    <ClCompile Include="main.cpp">
      <Filter>Source Files</Filter>
    </ClCompile>
    <ClCompile Include="resourcecenter.cpp">
      <Filter>Source Files</Filter>
    </ClCompile>
    <ClCompile Include="techeditor.cpp">
      <Filter>Source Files</Filter>
    </ClCompile>
    <ClCompile Include="toped.cpp">
      <Filter>Source Files</Filter>
    </ClCompile>
    <ClCompile Include="tpdph.cpp">
      <Filter>Source Files</Filter>
    </ClCompile>
    <ClCompile Include="tui.cpp">
      <Filter>Source Files</Filter>
    </ClCompile>
  </ItemGroup>
  <ItemGroup>
    <ClInclude Include="browsers.h">
      <Filter>Header Files</Filter>
    </ClInclude>
    <ClInclude Include="layoutcanvas.h">
      <Filter>Header Files</Filter>
    </ClInclude>
    <ClInclude Include="resourcecenter.h">
      <Filter>Header Files</Filter>
    </ClInclude>
    <ClInclude Include="techeditor.h">
      <Filter>Header Files</Filter>
    </ClInclude>
    <ClInclude Include="toped.h">
      <Filter>Header Files</Filter>
    </ClInclude>
    <ClInclude Include="tpdph.h">
      <Filter>Header Files</Filter>
    </ClInclude>
    <ClInclude Include="tui.h">
      <Filter>Header Files</Filter>
    </ClInclude>
  </ItemGroup>
  <ItemGroup>
    <Image Include="wx\msw\cdrom.ico">
      <Filter>Resource Files</Filter>
    </Image>
    <Image Include="icons\chart.ico">
      <Filter>Resource Files</Filter>
    </Image>
    <Image Include="wx\msw\computer.ico">
      <Filter>Resource Files</Filter>
    </Image>
    <Image Include="icons\doc.ico">
      <Filter>Resource Files</Filter>
    </Image>
    <Image Include="wx\msw\drive.ico">
      <Filter>Resource Files</Filter>
    </Image>
    <Image Include="wx\msw\file1.ico">
      <Filter>Resource Files</Filter>
    </Image>
    <Image Include="wx\msw\floppy.ico">
      <Filter>Resource Files</Filter>
    </Image>
    <Image Include="wx\msw\folder1.ico">
      <Filter>Resource Files</Filter>
    </Image>
    <Image Include="wx\msw\folder2.ico">
      <Filter>Resource Files</Filter>
    </Image>
    <Image Include="icons\notepad.ico">
      <Filter>Resource Files</Filter>
    </Image>
    <Image Include="bitmaps\print.bmp">
      <Filter>Resource Files</Filter>
    </Image>
    <Image Include="wx\msw\removble.ico">
      <Filter>Resource Files</Filter>
    </Image>
  </ItemGroup>
  <ItemGroup>
    <ResourceCompile Include="toped.rc">
      <Filter>Resource Files</Filter>
    </ResourceCompile>
  </ItemGroup>
</Project>