
Microsoft Visual Studio Solution File, Format Version 12.00
# Visual Studio Express 2012 for Windows Desktop
Project("{8BC9CEB8-8B4A-11D0-8D11-00A0C91BC942}") = "TPD_DB", "..\tpd_DB\TPD_DB.vcxproj", "{7CC90726-FAE0-415A-B2E4-552D1070B4F0}"
EndProject
Project("{8BC9CEB8-8B4A-11D0-8D11-00A0C91BC942}") = "toped", "toped.vcxproj", "{07EF8990-20F5-4E03-803A-7BC622A4B5E1}"
EndProject
Project("{8BC9CEB8-8B4A-11D0-8D11-00A0C91BC942}") = "tpd_common", "..\tpd_common\tpd_common.vcxproj", "{1F34EAB3-4E2E-4043-B43D-8C3FDAB14ADB}"
EndProject
Project("{8BC9CEB8-8B4A-11D0-8D11-00A0C91BC942}") = "tpd_parser", "..\tpd_parser\tpd_parser.vcxproj", "{1A934334-9615-4C20-871C-660795FCF7C0}"
EndProject
Project("{8BC9CEB8-8B4A-11D0-8D11-00A0C91BC942}") = "tpd_bidfunc", "..\tpd_bidfunc\tpd_bidfunc.vcxproj", "{7B327037-492B-48F9-B3D7-127E213900AE}"
EndProject
Project("{8BC9CEB8-8B4A-11D0-8D11-00A0C91BC942}") = "tpd_ifaces", "..\tpd_ifaces\tpd_ifaces.vcxproj", "{BA923FBF-9C73-4ACF-900B-FEEF9DC0D4E2}"
EndProject
Project("{8BC9CEB8-8B4A-11D0-8D11-00A0C91BC942}") = "tpd_GL", "..\tpd_GL\tpd_GL.vcxproj", "{93C841E8-0BF1-480F-B702-9B6A685788AD}"
EndProject
Global
	GlobalSection(SolutionConfigurationPlatforms) = preSolution
		Debug|Win32 = Debug|Win32
		Debug|x64 = Debug|x64
		Release|Win32 = Release|Win32
		Release|x64 = Release|x64
	EndGlobalSection
	GlobalSection(ProjectConfigurationPlatforms) = postSolution
		{7CC90726-FAE0-415A-B2E4-552D1070B4F0}.Debug|Win32.ActiveCfg = Debug|Win32
		{7CC90726-FAE0-415A-B2E4-552D1070B4F0}.Debug|Win32.Build.0 = Debug|Win32
		{7CC90726-FAE0-415A-B2E4-552D1070B4F0}.Debug|x64.ActiveCfg = Debug|x64
		{7CC90726-FAE0-415A-B2E4-552D1070B4F0}.Debug|x64.Build.0 = Debug|x64
		{7CC90726-FAE0-415A-B2E4-552D1070B4F0}.Release|Win32.ActiveCfg = Release|Win32
		{7CC90726-FAE0-415A-B2E4-552D1070B4F0}.Release|Win32.Build.0 = Release|Win32
		{7CC90726-FAE0-415A-B2E4-552D1070B4F0}.Release|x64.ActiveCfg = Release|x64
		{7CC90726-FAE0-415A-B2E4-552D1070B4F0}.Release|x64.Build.0 = Release|x64
		{07EF8990-20F5-4E03-803A-7BC622A4B5E1}.Debug|Win32.ActiveCfg = Debug|Win32
		{07EF8990-20F5-4E03-803A-7BC622A4B5E1}.Debug|Win32.Build.0 = Debug|Win32
		{07EF8990-20F5-4E03-803A-7BC622A4B5E1}.Debug|x64.ActiveCfg = Debug|x64
		{07EF8990-20F5-4E03-803A-7BC622A4B5E1}.Debug|x64.Build.0 = Debug|x64
		{07EF8990-20F5-4E03-803A-7BC622A4B5E1}.Release|Win32.ActiveCfg = Release|Win32
		{07EF8990-20F5-4E03-803A-7BC622A4B5E1}.Release|Win32.Build.0 = Release|Win32
		{07EF8990-20F5-4E03-803A-7BC622A4B5E1}.Release|x64.ActiveCfg = Release|x64
		{07EF8990-20F5-4E03-803A-7BC622A4B5E1}.Release|x64.Build.0 = Release|x64
		{1F34EAB3-4E2E-4043-B43D-8C3FDAB14ADB}.Debug|Win32.ActiveCfg = Debug|Win32
		{1F34EAB3-4E2E-4043-B43D-8C3FDAB14ADB}.Debug|Win32.Build.0 = Debug|Win32
		{1F34EAB3-4E2E-4043-B43D-8C3FDAB14ADB}.Debug|x64.ActiveCfg = Debug|x64
		{1F34EAB3-4E2E-4043-B43D-8C3FDAB14ADB}.Debug|x64.Build.0 = Debug|x64
		{1F34EAB3-4E2E-4043-B43D-8C3FDAB14ADB}.Release|Win32.ActiveCfg = Release|Win32
		{1F34EAB3-4E2E-4043-B43D-8C3FDAB14ADB}.Release|Win32.Build.0 = Release|Win32
		{1F34EAB3-4E2E-4043-B43D-8C3FDAB14ADB}.Release|x64.ActiveCfg = Release|x64
		{1F34EAB3-4E2E-4043-B43D-8C3FDAB14ADB}.Release|x64.Build.0 = Release|x64
		{1A934334-9615-4C20-871C-660795FCF7C0}.Debug|Win32.ActiveCfg = Debug|Win32
		{1A934334-9615-4C20-871C-660795FCF7C0}.Debug|Win32.Build.0 = Debug|Win32
		{1A934334-9615-4C20-871C-660795FCF7C0}.Debug|x64.ActiveCfg = Debug|x64
		{1A934334-9615-4C20-871C-660795FCF7C0}.Debug|x64.Build.0 = Debug|x64
		{1A934334-9615-4C20-871C-660795FCF7C0}.Release|Win32.ActiveCfg = Release|Win32
		{1A934334-9615-4C20-871C-660795FCF7C0}.Release|Win32.Build.0 = Release|Win32
		{1A934334-9615-4C20-871C-660795FCF7C0}.Release|x64.ActiveCfg = Release|x64
		{1A934334-9615-4C20-871C-660795FCF7C0}.Release|x64.Build.0 = Release|x64
		{7B327037-492B-48F9-B3D7-127E213900AE}.Debug|Win32.ActiveCfg = Debug|Win32
		{7B327037-492B-48F9-B3D7-127E213900AE}.Debug|Win32.Build.0 = Debug|Win32
		{7B327037-492B-48F9-B3D7-127E213900AE}.Debug|x64.ActiveCfg = Debug|x64
		{7B327037-492B-48F9-B3D7-127E213900AE}.Debug|x64.Build.0 = Debug|x64
		{7B327037-492B-48F9-B3D7-127E213900AE}.Release|Win32.ActiveCfg = Release|Win32
		{7B327037-492B-48F9-B3D7-127E213900AE}.Release|Win32.Build.0 = Release|Win32
		{7B327037-492B-48F9-B3D7-127E213900AE}.Release|x64.ActiveCfg = Release|x64
		{7B327037-492B-48F9-B3D7-127E213900AE}.Release|x64.Build.0 = Release|x64
		{BA923FBF-9C73-4ACF-900B-FEEF9DC0D4E2}.Debug|Win32.ActiveCfg = Debug|Win32
		{BA923FBF-9C73-4ACF-900B-FEEF9DC0D4E2}.Debug|Win32.Build.0 = Debug|Win32
		{BA923FBF-9C73-4ACF-900B-FEEF9DC0D4E2}.Debug|x64.ActiveCfg = Debug|x64
		{BA923FBF-9C73-4ACF-900B-FEEF9DC0D4E2}.Debug|x64.Build.0 = Debug|x64
		{BA923FBF-9C73-4ACF-900B-FEEF9DC0D4E2}.Release|Win32.ActiveCfg = Release|Win32
		{BA923FBF-9C73-4ACF-900B-FEEF9DC0D4E2}.Release|Win32.Build.0 = Release|Win32
		{BA923FBF-9C73-4ACF-900B-FEEF9DC0D4E2}.Release|x64.ActiveCfg = Release|x64
		{BA923FBF-9C73-4ACF-900B-FEEF9DC0D4E2}.Release|x64.Build.0 = Release|x64
		{93C841E8-0BF1-480F-B702-9B6A685788AD}.Debug|Win32.ActiveCfg = Debug|Win32
		{93C841E8-0BF1-480F-B702-9B6A685788AD}.Debug|Win32.Build.0 = Debug|Win32
		{93C841E8-0BF1-480F-B702-9B6A685788AD}.Debug|x64.ActiveCfg = Debug|x64
		{93C841E8-0BF1-480F-B702-9B6A685788AD}.Debug|x64.Build.0 = Debug|x64
		{93C841E8-0BF1-480F-B702-9B6A685788AD}.Release|Win32.ActiveCfg = Release|Win32
		{93C841E8-0BF1-480F-B702-9B6A685788AD}.Release|Win32.Build.0 = Release|Win32
		{93C841E8-0BF1-480F-B702-9B6A685788AD}.Release|x64.ActiveCfg = Release|x64
		{93C841E8-0BF1-480F-B702-9B6A685788AD}.Release|x64.Build.0 = Release|x64
	EndGlobalSection
	GlobalSection(SolutionProperties) = preSolution
		HideSolutionNode = FALSE
	EndGlobalSection
EndGlobal
